// !$*UTF8*$!
{
	archiveVersion = 1;
	classes = {
	};
	objectVersion = 46;
	objects = {

/* Begin PBXBuildFile section */
		D777267C1E802613008E0142 /* AppDelegate.swift in Sources */ = {isa = PBXBuildFile; fileRef = D777267B1E802613008E0142 /* AppDelegate.swift */; };
		D777267E1E802613008E0142 /* ViewController.swift in Sources */ = {isa = PBXBuildFile; fileRef = D777267D1E802613008E0142 /* ViewController.swift */; };
		D77726811E802613008E0142 /* Main.storyboard in Resources */ = {isa = PBXBuildFile; fileRef = D777267F1E802613008E0142 /* Main.storyboard */; };
		D77726831E802613008E0142 /* Assets.xcassets in Resources */ = {isa = PBXBuildFile; fileRef = D77726821E802613008E0142 /* Assets.xcassets */; };
		D77726861E802613008E0142 /* LaunchScreen.storyboard in Resources */ = {isa = PBXBuildFile; fileRef = D77726841E802613008E0142 /* LaunchScreen.storyboard */; };
/* End PBXBuildFile section */

/* Begin PBXFileReference section */
		D77726781E802613008E0142 /* Mobile Mapper.app */ = {isa = PBXFileReference; explicitFileType = wrapper.application; includeInIndex = 0; path = "Mobile Mapper.app"; sourceTree = BUILT_PRODUCTS_DIR; };
		D777267B1E802613008E0142 /* AppDelegate.swift */ = {isa = PBXFileReference; lastKnownFileType = sourcecode.swift; path = AppDelegate.swift; sourceTree = "<group>"; };
		D777267D1E802613008E0142 /* ViewController.swift */ = {isa = PBXFileReference; lastKnownFileType = sourcecode.swift; path = ViewController.swift; sourceTree = "<group>"; };
		D77726801E802613008E0142 /* Base */ = {isa = PBXFileReference; lastKnownFileType = file.storyboard; name = Base; path = Base.lproj/Main.storyboard; sourceTree = "<group>"; };
		D77726821E802613008E0142 /* Assets.xcassets */ = {isa = PBXFileReference; lastKnownFileType = folder.assetcatalog; path = Assets.xcassets; sourceTree = "<group>"; };
		D77726851E802613008E0142 /* Base */ = {isa = PBXFileReference; lastKnownFileType = file.storyboard; name = Base; path = Base.lproj/LaunchScreen.storyboard; sourceTree = "<group>"; };
		D77726871E802613008E0142 /* Info.plist */ = {isa = PBXFileReference; lastKnownFileType = text.plist.xml; path = Info.plist; sourceTree = "<group>"; };
/* End PBXFileReference section */

/* Begin PBXFrameworksBuildPhase section */
		D77726751E802613008E0142 /* Frameworks */ = {
			isa = PBXFrameworksBuildPhase;
			buildActionMask = 2147483647;
			files = (
			);
			runOnlyForDeploymentPostprocessing = 0;
		};
/* End PBXFrameworksBuildPhase section */

/* Begin PBXGroup section */
		D777266F1E802613008E0142 = {
			isa = PBXGroup;
			children = (
				D777267A1E802613008E0142 /* Mobile Mapper */,
				D77726791E802613008E0142 /* Products */,
			);
			sourceTree = "<group>";
		};
		D77726791E802613008E0142 /* Products */ = {
			isa = PBXGroup;
			children = (
				D77726781E802613008E0142 /* Mobile Mapper.app */,
			);
			name = Products;
			sourceTree = "<group>";
		};
		D777267A1E802613008E0142 /* Mobile Mapper */ = {
			isa = PBXGroup;
			children = (
				D777267B1E802613008E0142 /* AppDelegate.swift */,
				D777267D1E802613008E0142 /* ViewController.swift */,
				D777267F1E802613008E0142 /* Main.storyboard */,
				D77726821E802613008E0142 /* Assets.xcassets */,
				D77726841E802613008E0142 /* LaunchScreen.storyboard */,
				D77726871E802613008E0142 /* Info.plist */,
			);
			path = "Mobile Mapper";
			sourceTree = "<group>";
		};
/* End PBXGroup section */

/* Begin PBXNativeTarget section */
		D77726771E802613008E0142 /* Mobile Mapper */ = {
			isa = PBXNativeTarget;
			buildConfigurationList = D777268A1E802613008E0142 /* Build configuration list for PBXNativeTarget "Mobile Mapper" */;
			buildPhases = (
				D77726741E802613008E0142 /* Sources */,
				D77726751E802613008E0142 /* Frameworks */,
				D77726761E802613008E0142 /* Resources */,
			);
			buildRules = (
			);
			dependencies = (
			);
			name = "Mobile Mapper";
			productName = "Mobile Mapper";
			productReference = D77726781E802613008E0142 /* Mobile Mapper.app */;
			productType = "com.apple.product-type.application";
		};
/* End PBXNativeTarget section */

/* Begin PBXProject section */
		D77726701E802613008E0142 /* Project object */ = {
			isa = PBXProject;
			attributes = {
				LastSwiftUpdateCheck = 0820;
				LastUpgradeCheck = 0820;
				ORGANIZATIONNAME = "John Hersey High School";
				TargetAttributes = {
					D77726771E802613008E0142 = {
						CreatedOnToolsVersion = 8.2.1;
						DevelopmentTeam = CUE4YSU4ZA;
						ProvisioningStyle = Automatic;
					};
				};
			};
			buildConfigurationList = D77726731E802613008E0142 /* Build configuration list for PBXProject "Mobile Mapper" */;
			compatibilityVersion = "Xcode 3.2";
			developmentRegion = English;
			hasScannedForEncodings = 0;
			knownRegions = (
				en,
				Base,
			);
			mainGroup = D777266F1E802613008E0142;
			productRefGroup = D77726791E802613008E0142 /* Products */;
			projectDirPath = "";
			projectRoot = "";
			targets = (
				D77726771E802613008E0142 /* Mobile Mapper */,
			);
		};
/* End PBXProject section */

/* Begin PBXResourcesBuildPhase section */
		D77726761E802613008E0142 /* Resources */ = {
			isa = PBXResourcesBuildPhase;
			buildActionMask = 2147483647;
			files = (
				D77726861E802613008E0142 /* LaunchScreen.storyboard in Resources */,
				D77726831E802613008E0142 /* Assets.xcassets in Resources */,
				D77726811E802613008E0142 /* Main.storyboard in Resources */,
			);
			runOnlyForDeploymentPostprocessing = 0;
		};
/* End PBXResourcesBuildPhase section */

/* Begin PBXSourcesBuildPhase section */
		D77726741E802613008E0142 /* Sources */ = {
			isa = PBXSourcesBuildPhase;
			buildActionMask = 2147483647;
			files = (
				D777267E1E802613008E0142 /* ViewController.swift in Sources */,
				D777267C1E802613008E0142 /* AppDelegate.swift in Sources */,
			);
			runOnlyForDeploymentPostprocessing = 0;
		};
/* End PBXSourcesBuildPhase section */

/* Begin PBXVariantGroup section */
		D777267F1E802613008E0142 /* Main.storyboard */ = {
			isa = PBXVariantGroup;
			children = (
				D77726801E802613008E0142 /* Base */,
			);
			name = Main.storyboard;
			sourceTree = "<group>";
		};
		D77726841E802613008E0142 /* LaunchScreen.storyboard */ = {
			isa = PBXVariantGroup;
			children = (
				D77726851E802613008E0142 /* Base */,
			);
			name = LaunchScreen.storyboard;
			sourceTree = "<group>";
		};
/* End PBXVariantGroup section */

/* Begin XCBuildConfiguration section */
		D77726881E802613008E0142 /* Debug */ = {
			isa = XCBuildConfiguration;
			buildSettings = {
				ALWAYS_SEARCH_USER_PATHS = NO;
				CLANG_ANALYZER_NONNULL = YES;
				CLANG_CXX_LANGUAGE_STANDARD = "gnu++0x";
				CLANG_CXX_LIBRARY = "libc++";
				CLANG_ENABLE_MODULES = YES;
				CLANG_ENABLE_OBJC_ARC = YES;
				CLANG_WARN_BOOL_CONVERSION = YES;
				CLANG_WARN_CONSTANT_CONVERSION = YES;
				CLANG_WARN_DIRECT_OBJC_ISA_USAGE = YES_ERROR;
				CLANG_WARN_DOCUMENTATION_COMMENTS = YES;
				CLANG_WARN_EMPTY_BODY = YES;
				CLANG_WARN_ENUM_CONVERSION = YES;
				CLANG_WARN_INFINITE_RECURSION = YES;
				CLANG_WARN_INT_CONVERSION = YES;
				CLANG_WARN_OBJC_ROOT_CLASS = YES_ERROR;
				CLANG_WARN_SUSPICIOUS_MOVE = YES;
				CLANG_WARN_UNREACHABLE_CODE = YES;
				CLANG_WARN__DUPLICATE_METHOD_MATCH = YES;
				"CODE_SIGN_IDENTITY[sdk=iphoneos*]" = "iPhone Developer";
				COPY_PHASE_STRIP = NO;
				DEBUG_INFORMATION_FORMAT = dwarf;
				ENABLE_STRICT_OBJC_MSGSEND = YES;
				ENABLE_TESTABILITY = YES;
				GCC_C_LANGUAGE_STANDARD = gnu99;
				GCC_DYNAMIC_NO_PIC = NO;
				GCC_NO_COMMON_BLOCKS = YES;
				GCC_OPTIMIZATION_LEVEL = 0;
				GCC_PREPROCESSOR_DEFINITIONS = (
					"DEBUG=1",
					"$(inherited)",
				);
				GCC_WARN_64_TO_32_BIT_CONVERSION = YES;
				GCC_WARN_ABOUT_RETURN_TYPE = YES_ERROR;
				GCC_WARN_UNDECLARED_SELECTOR = YES;
				GCC_WARN_UNINITIALIZED_AUTOS = YES_AGGRESSIVE;
				GCC_WARN_UNUSED_FUNCTION = YES;
				GCC_WARN_UNUSED_VARIABLE = YES;
				IPHONEOS_DEPLOYMENT_TARGET = 10.2;
				MTL_ENABLE_DEBUG_INFO = YES;
				ONLY_ACTIVE_ARCH = YES;
				SDKROOT = iphoneos;
				SWIFT_ACTIVE_COMPILATION_CONDITIONS = DEBUG;
				SWIFT_OPTIMIZATION_LEVEL = "-Onone";
				TARGETED_DEVICE_FAMILY = "1,2";
			};
			name = Debug;
		};
		D77726891E802613008E0142 /* Release */ = {
			isa = XCBuildConfiguration;
			buildSettings = {
				ALWAYS_SEARCH_USER_PATHS = NO;
				CLANG_ANALYZER_NONNULL = YES;
				CLANG_CXX_LANGUAGE_STANDARD = "gnu++0x";
				CLANG_CXX_LIBRARY = "libc++";
				CLANG_ENABLE_MODULES = YES;
				CLANG_ENABLE_OBJC_ARC = YES;
				CLANG_WARN_BOOL_CONVERSION = YES;
				CLANG_WARN_CONSTANT_CONVERSION = YES;
				CLANG_WARN_DIRECT_OBJC_ISA_USAGE = YES_ERROR;
				CLANG_WARN_DOCUMENTATION_COMMENTS = YES;
				CLANG_WARN_EMPTY_BODY = YES;
				CLANG_WARN_ENUM_CONVERSION = YES;
				CLANG_WARN_INFINITE_RECURSION = YES;
				CLANG_WARN_INT_CONVERSION = YES;
				CLANG_WARN_OBJC_ROOT_CLASS = YES_ERROR;
				CLANG_WARN_SUSPICIOUS_MOVE = YES;
				CLANG_WARN_UNREACHABLE_CODE = YES;
				CLANG_WARN__DUPLICATE_METHOD_MATCH = YES;
				"CODE_SIGN_IDENTITY[sdk=iphoneos*]" = "iPhone Developer";
				COPY_PHASE_STRIP = NO;
				DEBUG_INFORMATION_FORMAT = "dwarf-with-dsym";
				ENABLE_NS_ASSERTIONS = NO;
				ENABLE_STRICT_OBJC_MSGSEND = YES;
				GCC_C_LANGUAGE_STANDARD = gnu99;
				GCC_NO_COMMON_BLOCKS = YES;
				GCC_WARN_64_TO_32_BIT_CONVERSION = YES;
				GCC_WARN_ABOUT_RETURN_TYPE = YES_ERROR;
				GCC_WARN_UNDECLARED_SELECTOR = YES;
				GCC_WARN_UNINITIALIZED_AUTOS = YES_AGGRESSIVE;
				GCC_WARN_UNUSED_FUNCTION = YES;
				GCC_WARN_UNUSED_VARIABLE = YES;
				IPHONEOS_DEPLOYMENT_TARGET = 10.2;
				MTL_ENABLE_DEBUG_INFO = NO;
				SDKROOT = iphoneos;
				SWIFT_OPTIMIZATION_LEVEL = "-Owholemodule";
				TARGETED_DEVICE_FAMILY = "1,2";
				VALIDATE_PRODUCT = YES;
			};
			name = Release;
		};
		D777268B1E802613008E0142 /* Debug */ = {
			isa = XCBuildConfiguration;
			buildSettings = {
				ASSETCATALOG_COMPILER_APPICON_NAME = AppIcon;
				DEVELOPMENT_TEAM = CUE4YSU4ZA;
				INFOPLIST_FILE = "Mobile Mapper/Info.plist";
				LD_RUNPATH_SEARCH_PATHS = "$(inherited) @executable_path/Frameworks";
				PRODUCT_BUNDLE_IDENTIFIER = "org.jhhs.618029.Mobile-Mapper";
				PRODUCT_NAME = "$(TARGET_NAME)";
				SWIFT_VERSION = 3.0;
			};
			name = Debug;
		};
		D777268C1E802613008E0142 /* Release */ = {
			isa = XCBuildConfiguration;
			buildSettings = {
				ASSETCATALOG_COMPILER_APPICON_NAME = AppIcon;
				DEVELOPMENT_TEAM = CUE4YSU4ZA;
				INFOPLIST_FILE = "Mobile Mapper/Info.plist";
				LD_RUNPATH_SEARCH_PATHS = "$(inherited) @executable_path/Frameworks";
				PRODUCT_BUNDLE_IDENTIFIER = "org.jhhs.618029.Mobile-Mapper";
				PRODUCT_NAME = "$(TARGET_NAME)";
				SWIFT_VERSION = 3.0;
			};
			name = Release;
		};
/* End XCBuildConfiguration section */

/* Begin XCConfigurationList section */
		D77726731E802613008E0142 /* Build configuration list for PBXProject "Mobile Mapper" */ = {
			isa = XCConfigurationList;
			buildConfigurations = (
				D77726881E802613008E0142 /* Debug */,
				D77726891E802613008E0142 /* Release */,
			);
			defaultConfigurationIsVisible = 0;
			defaultConfigurationName = Release;
		};
		D777268A1E802613008E0142 /* Build configuration list for PBXNativeTarget "Mobile Mapper" */ = {
			isa = XCConfigurationList;
			buildConfigurations = (
				D777268B1E802613008E0142 /* Debug */,
				D777268C1E802613008E0142 /* Release */,
			);
			defaultConfigurationIsVisible = 0;
		};
/* End XCConfigurationList section */
	};
	rootObject = D77726701E802613008E0142 /* Project object */;
}
